// !$*UTF8*$!
{
	archiveVersion = 1;
	classes = {
	};
	objectVersion = 56;
	objects = {

/* Begin PBXBuildFile section */
		B56DDDEA29AA064200F8A820 /* FakeUserDefaults.swift in Sources */ = {isa = PBXBuildFile; fileRef = B56DDDE929AA064200F8A820 /* FakeUserDefaults.swift */; };
		B56DDDEC29AA06C500F8A820 /* ViewControllerTests.swift in Sources */ = {isa = PBXBuildFile; fileRef = B56DDDEB29AA06C500F8A820 /* ViewControllerTests.swift */; };
		B56DDDEF29AA53D300F8A820 /* TestHelpers.swift in Sources */ = {isa = PBXBuildFile; fileRef = B56DDDEE29AA53D300F8A820 /* TestHelpers.swift */; };
		B5C52E8529A235530019718B /* AppDelegate.swift in Sources */ = {isa = PBXBuildFile; fileRef = B5C52E8429A235530019718B /* AppDelegate.swift */; };
		B5C52E8729A235530019718B /* SceneDelegate.swift in Sources */ = {isa = PBXBuildFile; fileRef = B5C52E8629A235530019718B /* SceneDelegate.swift */; };
		B5C52E8929A235530019718B /* ViewController.swift in Sources */ = {isa = PBXBuildFile; fileRef = B5C52E8829A235530019718B /* ViewController.swift */; };
		B5C52E8C29A235530019718B /* Main.storyboard in Resources */ = {isa = PBXBuildFile; fileRef = B5C52E8A29A235530019718B /* Main.storyboard */; };
		B5C52E8E29A235540019718B /* Assets.xcassets in Resources */ = {isa = PBXBuildFile; fileRef = B5C52E8D29A235540019718B /* Assets.xcassets */; };
		B5C52E9129A235540019718B /* LaunchScreen.storyboard in Resources */ = {isa = PBXBuildFile; fileRef = B5C52E8F29A235540019718B /* LaunchScreen.storyboard */; };
/* End PBXBuildFile section */

/* Begin PBXContainerItemProxy section */
		B5C52EA029A2357B0019718B /* PBXContainerItemProxy */ = {
			isa = PBXContainerItemProxy;
			containerPortal = B5C52E7929A235530019718B /* Project object */;
			proxyType = 1;
			remoteGlobalIDString = B5C52E8029A235530019718B;
			remoteInfo = UserDefaults;
		};
/* End PBXContainerItemProxy section */

/* Begin PBXFileReference section */
		B56DDDE929AA064200F8A820 /* FakeUserDefaults.swift */ = {isa = PBXFileReference; lastKnownFileType = sourcecode.swift; path = FakeUserDefaults.swift; sourceTree = "<group>"; };
		B56DDDEB29AA06C500F8A820 /* ViewControllerTests.swift */ = {isa = PBXFileReference; lastKnownFileType = sourcecode.swift; path = ViewControllerTests.swift; sourceTree = "<group>"; };
		B56DDDEE29AA53D300F8A820 /* TestHelpers.swift */ = {isa = PBXFileReference; lastKnownFileType = sourcecode.swift; path = TestHelpers.swift; sourceTree = "<group>"; };
		B5C52E8129A235530019718B /* UserDefaults.app */ = {isa = PBXFileReference; explicitFileType = wrapper.application; includeInIndex = 0; path = UserDefaults.app; sourceTree = BUILT_PRODUCTS_DIR; };
		B5C52E8429A235530019718B /* AppDelegate.swift */ = {isa = PBXFileReference; lastKnownFileType = sourcecode.swift; path = AppDelegate.swift; sourceTree = "<group>"; };
		B5C52E8629A235530019718B /* SceneDelegate.swift */ = {isa = PBXFileReference; lastKnownFileType = sourcecode.swift; path = SceneDelegate.swift; sourceTree = "<group>"; };
		B5C52E8829A235530019718B /* ViewController.swift */ = {isa = PBXFileReference; lastKnownFileType = sourcecode.swift; path = ViewController.swift; sourceTree = "<group>"; };
		B5C52E8B29A235530019718B /* Base */ = {isa = PBXFileReference; lastKnownFileType = file.storyboard; name = Base; path = Base.lproj/Main.storyboard; sourceTree = "<group>"; };
		B5C52E8D29A235540019718B /* Assets.xcassets */ = {isa = PBXFileReference; lastKnownFileType = folder.assetcatalog; path = Assets.xcassets; sourceTree = "<group>"; };
		B5C52E9029A235540019718B /* Base */ = {isa = PBXFileReference; lastKnownFileType = file.storyboard; name = Base; path = Base.lproj/LaunchScreen.storyboard; sourceTree = "<group>"; };
		B5C52E9229A235540019718B /* Info.plist */ = {isa = PBXFileReference; lastKnownFileType = text.plist.xml; path = Info.plist; sourceTree = "<group>"; };
		B5C52E9C29A2357B0019718B /* UserDefaultsTests.xctest */ = {isa = PBXFileReference; explicitFileType = wrapper.cfbundle; includeInIndex = 0; path = UserDefaultsTests.xctest; sourceTree = BUILT_PRODUCTS_DIR; };
/* End PBXFileReference section */

/* Begin PBXFrameworksBuildPhase section */
		B5C52E7E29A235530019718B /* Frameworks */ = {
			isa = PBXFrameworksBuildPhase;
			buildActionMask = 2147483647;
			files = (
			);
			runOnlyForDeploymentPostprocessing = 0;
		};
		B5C52E9929A2357B0019718B /* Frameworks */ = {
			isa = PBXFrameworksBuildPhase;
			buildActionMask = 2147483647;
			files = (
			);
			runOnlyForDeploymentPostprocessing = 0;
		};
/* End PBXFrameworksBuildPhase section */

/* Begin PBXGroup section */
		B56DDDED29AA53C600F8A820 /* Helpers */ = {
			isa = PBXGroup;
			children = (
				B56DDDEE29AA53D300F8A820 /* TestHelpers.swift */,
			);
			path = Helpers;
			sourceTree = "<group>";
		};
		B5C52E7829A235530019718B = {
			isa = PBXGroup;
			children = (
				B5C52E8329A235530019718B /* UserDefaults */,
				B5C52E9D29A2357B0019718B /* UserDefaultsTests */,
				B5C52E8229A235530019718B /* Products */,
			);
			sourceTree = "<group>";
		};
		B5C52E8229A235530019718B /* Products */ = {
			isa = PBXGroup;
			children = (
				B5C52E8129A235530019718B /* UserDefaults.app */,
				B5C52E9C29A2357B0019718B /* UserDefaultsTests.xctest */,
			);
			name = Products;
			sourceTree = "<group>";
		};
		B5C52E8329A235530019718B /* UserDefaults */ = {
			isa = PBXGroup;
			children = (
				B5C52E8429A235530019718B /* AppDelegate.swift */,
				B5C52E8629A235530019718B /* SceneDelegate.swift */,
				B5C52E8829A235530019718B /* ViewController.swift */,
				B5C52E8A29A235530019718B /* Main.storyboard */,
				B5C52E8D29A235540019718B /* Assets.xcassets */,
				B5C52E8F29A235540019718B /* LaunchScreen.storyboard */,
				B5C52E9229A235540019718B /* Info.plist */,
			);
			path = UserDefaults;
			sourceTree = "<group>";
		};
		B5C52E9D29A2357B0019718B /* UserDefaultsTests */ = {
			isa = PBXGroup;
			children = (
				B56DDDED29AA53C600F8A820 /* Helpers */,
				B56DDDE929AA064200F8A820 /* FakeUserDefaults.swift */,
				B56DDDEB29AA06C500F8A820 /* ViewControllerTests.swift */,
			);
			path = UserDefaultsTests;
			sourceTree = "<group>";
		};
/* End PBXGroup section */

/* Begin PBXNativeTarget section */
		B5C52E8029A235530019718B /* UserDefaults */ = {
			isa = PBXNativeTarget;
			buildConfigurationList = B5C52E9529A235540019718B /* Build configuration list for PBXNativeTarget "UserDefaults" */;
			buildPhases = (
				B5C52E7D29A235530019718B /* Sources */,
				B5C52E7E29A235530019718B /* Frameworks */,
				B5C52E7F29A235530019718B /* Resources */,
			);
			buildRules = (
			);
			dependencies = (
			);
			name = UserDefaults;
			productName = UserDefaults;
			productReference = B5C52E8129A235530019718B /* UserDefaults.app */;
			productType = "com.apple.product-type.application";
		};
		B5C52E9B29A2357B0019718B /* UserDefaultsTests */ = {
			isa = PBXNativeTarget;
			buildConfigurationList = B5C52EA229A2357B0019718B /* Build configuration list for PBXNativeTarget "UserDefaultsTests" */;
			buildPhases = (
				B5C52E9829A2357B0019718B /* Sources */,
				B5C52E9929A2357B0019718B /* Frameworks */,
				B5C52E9A29A2357B0019718B /* Resources */,
			);
			buildRules = (
			);
			dependencies = (
				B5C52EA129A2357B0019718B /* PBXTargetDependency */,
			);
			name = UserDefaultsTests;
			productName = UserDefaultsTests;
			productReference = B5C52E9C29A2357B0019718B /* UserDefaultsTests.xctest */;
			productType = "com.apple.product-type.bundle.unit-test";
		};
/* End PBXNativeTarget section */

/* Begin PBXProject section */
		B5C52E7929A235530019718B /* Project object */ = {
			isa = PBXProject;
			attributes = {
				BuildIndependentTargetsInParallel = 1;
				LastSwiftUpdateCheck = 1420;
				LastUpgradeCheck = 1420;
				TargetAttributes = {
					B5C52E8029A235530019718B = {
						CreatedOnToolsVersion = 14.2;
					};
					B5C52E9B29A2357B0019718B = {
						CreatedOnToolsVersion = 14.2;
						LastSwiftMigration = 1420;
						TestTargetID = B5C52E8029A235530019718B;
					};
				};
			};
			buildConfigurationList = B5C52E7C29A235530019718B /* Build configuration list for PBXProject "UserDefaults" */;
			compatibilityVersion = "Xcode 14.0";
			developmentRegion = en;
			hasScannedForEncodings = 0;
			knownRegions = (
				en,
				Base,
			);
			mainGroup = B5C52E7829A235530019718B;
			productRefGroup = B5C52E8229A235530019718B /* Products */;
			projectDirPath = "";
			projectRoot = "";
			targets = (
				B5C52E8029A235530019718B /* UserDefaults */,
				B5C52E9B29A2357B0019718B /* UserDefaultsTests */,
			);
		};
/* End PBXProject section */

/* Begin PBXResourcesBuildPhase section */
		B5C52E7F29A235530019718B /* Resources */ = {
			isa = PBXResourcesBuildPhase;
			buildActionMask = 2147483647;
			files = (
				B5C52E9129A235540019718B /* LaunchScreen.storyboard in Resources */,
				B5C52E8E29A235540019718B /* Assets.xcassets in Resources */,
				B5C52E8C29A235530019718B /* Main.storyboard in Resources */,
			);
			runOnlyForDeploymentPostprocessing = 0;
		};
		B5C52E9A29A2357B0019718B /* Resources */ = {
			isa = PBXResourcesBuildPhase;
			buildActionMask = 2147483647;
			files = (
			);
			runOnlyForDeploymentPostprocessing = 0;
		};
/* End PBXResourcesBuildPhase section */

/* Begin PBXSourcesBuildPhase section */
		B5C52E7D29A235530019718B /* Sources */ = {
			isa = PBXSourcesBuildPhase;
			buildActionMask = 2147483647;
			files = (
				B5C52E8929A235530019718B /* ViewController.swift in Sources */,
				B5C52E8529A235530019718B /* AppDelegate.swift in Sources */,
				B5C52E8729A235530019718B /* SceneDelegate.swift in Sources */,
			);
			runOnlyForDeploymentPostprocessing = 0;
		};
		B5C52E9829A2357B0019718B /* Sources */ = {
			isa = PBXSourcesBuildPhase;
			buildActionMask = 2147483647;
			files = (
				B56DDDEC29AA06C500F8A820 /* ViewControllerTests.swift in Sources */,
				B56DDDEA29AA064200F8A820 /* FakeUserDefaults.swift in Sources */,
				B56DDDEF29AA53D300F8A820 /* TestHelpers.swift in Sources */,
			);
			runOnlyForDeploymentPostprocessing = 0;
		};
/* End PBXSourcesBuildPhase section */

/* Begin PBXTargetDependency section */
		B5C52EA129A2357B0019718B /* PBXTargetDependency */ = {
			isa = PBXTargetDependency;
			target = B5C52E8029A235530019718B /* UserDefaults */;
			targetProxy = B5C52EA029A2357B0019718B /* PBXContainerItemProxy */;
		};
/* End PBXTargetDependency section */

/* Begin PBXVariantGroup section */
		B5C52E8A29A235530019718B /* Main.storyboard */ = {
			isa = PBXVariantGroup;
			children = (
				B5C52E8B29A235530019718B /* Base */,
			);
			name = Main.storyboard;
			sourceTree = "<group>";
		};
		B5C52E8F29A235540019718B /* LaunchScreen.storyboard */ = {
			isa = PBXVariantGroup;
			children = (
				B5C52E9029A235540019718B /* Base */,
			);
			name = LaunchScreen.storyboard;
			sourceTree = "<group>";
		};
/* End PBXVariantGroup section */

/* Begin XCBuildConfiguration section */
		B5C52E9329A235540019718B /* Debug */ = {
			isa = XCBuildConfiguration;
			buildSettings = {
				ALWAYS_SEARCH_USER_PATHS = NO;
				CLANG_ANALYZER_NONNULL = YES;
				CLANG_ANALYZER_NUMBER_OBJECT_CONVERSION = YES_AGGRESSIVE;
				CLANG_CXX_LANGUAGE_STANDARD = "gnu++20";
				CLANG_ENABLE_MODULES = YES;
				CLANG_ENABLE_OBJC_ARC = YES;
				CLANG_ENABLE_OBJC_WEAK = YES;
				CLANG_WARN_BLOCK_CAPTURE_AUTORELEASING = YES;
				CLANG_WARN_BOOL_CONVERSION = YES;
				CLANG_WARN_COMMA = YES;
				CLANG_WARN_CONSTANT_CONVERSION = YES;
				CLANG_WARN_DEPRECATED_OBJC_IMPLEMENTATIONS = YES;
				CLANG_WARN_DIRECT_OBJC_ISA_USAGE = YES_ERROR;
				CLANG_WARN_DOCUMENTATION_COMMENTS = YES;
				CLANG_WARN_EMPTY_BODY = YES;
				CLANG_WARN_ENUM_CONVERSION = YES;
				CLANG_WARN_INFINITE_RECURSION = YES;
				CLANG_WARN_INT_CONVERSION = YES;
				CLANG_WARN_NON_LITERAL_NULL_CONVERSION = YES;
				CLANG_WARN_OBJC_IMPLICIT_RETAIN_SELF = YES;
				CLANG_WARN_OBJC_LITERAL_CONVERSION = YES;
				CLANG_WARN_OBJC_ROOT_CLASS = YES_ERROR;
				CLANG_WARN_QUOTED_INCLUDE_IN_FRAMEWORK_HEADER = YES;
				CLANG_WARN_RANGE_LOOP_ANALYSIS = YES;
				CLANG_WARN_STRICT_PROTOTYPES = YES;
				CLANG_WARN_SUSPICIOUS_MOVE = YES;
				CLANG_WARN_UNGUARDED_AVAILABILITY = YES_AGGRESSIVE;
				CLANG_WARN_UNREACHABLE_CODE = YES;
				CLANG_WARN__DUPLICATE_METHOD_MATCH = YES;
				COPY_PHASE_STRIP = NO;
				DEBUG_INFORMATION_FORMAT = dwarf;
				ENABLE_STRICT_OBJC_MSGSEND = YES;
				ENABLE_TESTABILITY = YES;
				GCC_C_LANGUAGE_STANDARD = gnu11;
				GCC_DYNAMIC_NO_PIC = NO;
				GCC_NO_COMMON_BLOCKS = YES;
				GCC_OPTIMIZATION_LEVEL = 0;
				GCC_PREPROCESSOR_DEFINITIONS = (
					"DEBUG=1",
					"$(inherited)",
				);
				GCC_WARN_64_TO_32_BIT_CONVERSION = YES;
				GCC_WARN_ABOUT_RETURN_TYPE = YES_ERROR;
				GCC_WARN_UNDECLARED_SELECTOR = YES;
				GCC_WARN_UNINITIALIZED_AUTOS = YES_AGGRESSIVE;
				GCC_WARN_UNUSED_FUNCTION = YES;
				GCC_WARN_UNUSED_VARIABLE = YES;
				IPHONEOS_DEPLOYMENT_TARGET = 16.2;
				MTL_ENABLE_DEBUG_INFO = INCLUDE_SOURCE;
				MTL_FAST_MATH = YES;
				ONLY_ACTIVE_ARCH = YES;
				SDKROOT = iphoneos;
				SWIFT_ACTIVE_COMPILATION_CONDITIONS = DEBUG;
				SWIFT_OPTIMIZATION_LEVEL = "-Onone";
			};
			name = Debug;
		};
		B5C52E9429A235540019718B /* Release */ = {
			isa = XCBuildConfiguration;
			buildSettings = {
				ALWAYS_SEARCH_USER_PATHS = NO;
				CLANG_ANALYZER_NONNULL = YES;
				CLANG_ANALYZER_NUMBER_OBJECT_CONVERSION = YES_AGGRESSIVE;
				CLANG_CXX_LANGUAGE_STANDARD = "gnu++20";
				CLANG_ENABLE_MODULES = YES;
				CLANG_ENABLE_OBJC_ARC = YES;
				CLANG_ENABLE_OBJC_WEAK = YES;
				CLANG_WARN_BLOCK_CAPTURE_AUTORELEASING = YES;
				CLANG_WARN_BOOL_CONVERSION = YES;
				CLANG_WARN_COMMA = YES;
				CLANG_WARN_CONSTANT_CONVERSION = YES;
				CLANG_WARN_DEPRECATED_OBJC_IMPLEMENTATIONS = YES;
				CLANG_WARN_DIRECT_OBJC_ISA_USAGE = YES_ERROR;
				CLANG_WARN_DOCUMENTATION_COMMENTS = YES;
				CLANG_WARN_EMPTY_BODY = YES;
				CLANG_WARN_ENUM_CONVERSION = YES;
				CLANG_WARN_INFINITE_RECURSION = YES;
				CLANG_WARN_INT_CONVERSION = YES;
				CLANG_WARN_NON_LITERAL_NULL_CONVERSION = YES;
				CLANG_WARN_OBJC_IMPLICIT_RETAIN_SELF = YES;
				CLANG_WARN_OBJC_LITERAL_CONVERSION = YES;
				CLANG_WARN_OBJC_ROOT_CLASS = YES_ERROR;
				CLANG_WARN_QUOTED_INCLUDE_IN_FRAMEWORK_HEADER = YES;
				CLANG_WARN_RANGE_LOOP_ANALYSIS = YES;
				CLANG_WARN_STRICT_PROTOTYPES = YES;
				CLANG_WARN_SUSPICIOUS_MOVE = YES;
				CLANG_WARN_UNGUARDED_AVAILABILITY = YES_AGGRESSIVE;
				CLANG_WARN_UNREACHABLE_CODE = YES;
				CLANG_WARN__DUPLICATE_METHOD_MATCH = YES;
				COPY_PHASE_STRIP = NO;
				DEBUG_INFORMATION_FORMAT = "dwarf-with-dsym";
				ENABLE_NS_ASSERTIONS = NO;
				ENABLE_STRICT_OBJC_MSGSEND = YES;
				GCC_C_LANGUAGE_STANDARD = gnu11;
				GCC_NO_COMMON_BLOCKS = YES;
				GCC_WARN_64_TO_32_BIT_CONVERSION = YES;
				GCC_WARN_ABOUT_RETURN_TYPE = YES_ERROR;
				GCC_WARN_UNDECLARED_SELECTOR = YES;
				GCC_WARN_UNINITIALIZED_AUTOS = YES_AGGRESSIVE;
				GCC_WARN_UNUSED_FUNCTION = YES;
				GCC_WARN_UNUSED_VARIABLE = YES;
				IPHONEOS_DEPLOYMENT_TARGET = 16.2;
				MTL_ENABLE_DEBUG_INFO = NO;
				MTL_FAST_MATH = YES;
				SDKROOT = iphoneos;
				SWIFT_COMPILATION_MODE = wholemodule;
				SWIFT_OPTIMIZATION_LEVEL = "-O";
				VALIDATE_PRODUCT = YES;
			};
			name = Release;
		};
		B5C52E9629A235540019718B /* Debug */ = {
			isa = XCBuildConfiguration;
			buildSettings = {
				ASSETCATALOG_COMPILER_APPICON_NAME = AppIcon;
				ASSETCATALOG_COMPILER_GLOBAL_ACCENT_COLOR_NAME = AccentColor;
				CODE_SIGN_STYLE = Automatic;
				CURRENT_PROJECT_VERSION = 1;
				DEVELOPMENT_TEAM = GK4GDX3M3T;
				GENERATE_INFOPLIST_FILE = YES;
				INFOPLIST_FILE = UserDefaults/Info.plist;
				INFOPLIST_KEY_UIApplicationSupportsIndirectInputEvents = YES;
				INFOPLIST_KEY_UILaunchStoryboardName = LaunchScreen;
				INFOPLIST_KEY_UIMainStoryboardFile = Main;
				INFOPLIST_KEY_UISupportedInterfaceOrientations_iPad = "UIInterfaceOrientationPortrait UIInterfaceOrientationPortraitUpsideDown UIInterfaceOrientationLandscapeLeft UIInterfaceOrientationLandscapeRight";
				INFOPLIST_KEY_UISupportedInterfaceOrientations_iPhone = "UIInterfaceOrientationPortrait UIInterfaceOrientationLandscapeLeft UIInterfaceOrientationLandscapeRight";
				LD_RUNPATH_SEARCH_PATHS = (
					"$(inherited)",
					"@executable_path/Frameworks",
				);
				MARKETING_VERSION = 1.0;
				PRODUCT_BUNDLE_IDENTIFIER = com.mif50.UserDefaults;
				PRODUCT_NAME = "$(TARGET_NAME)";
				SWIFT_EMIT_LOC_STRINGS = YES;
				SWIFT_VERSION = 5.0;
				TARGETED_DEVICE_FAMILY = "1,2";
			};
			name = Debug;
		};
		B5C52E9729A235540019718B /* Release */ = {
			isa = XCBuildConfiguration;
			buildSettings = {
				ASSETCATALOG_COMPILER_APPICON_NAME = AppIcon;
				ASSETCATALOG_COMPILER_GLOBAL_ACCENT_COLOR_NAME = AccentColor;
				CODE_SIGN_STYLE = Automatic;
				CURRENT_PROJECT_VERSION = 1;
				DEVELOPMENT_TEAM = GK4GDX3M3T;
				GENERATE_INFOPLIST_FILE = YES;
				INFOPLIST_FILE = UserDefaults/Info.plist;
				INFOPLIST_KEY_UIApplicationSupportsIndirectInputEvents = YES;
				INFOPLIST_KEY_UILaunchStoryboardName = LaunchScreen;
				INFOPLIST_KEY_UIMainStoryboardFile = Main;
				INFOPLIST_KEY_UISupportedInterfaceOrientations_iPad = "UIInterfaceOrientationPortrait UIInterfaceOrientationPortraitUpsideDown UIInterfaceOrientationLandscapeLeft UIInterfaceOrientationLandscapeRight";
				INFOPLIST_KEY_UISupportedInterfaceOrientations_iPhone = "UIInterfaceOrientationPortrait UIInterfaceOrientationLandscapeLeft UIInterfaceOrientationLandscapeRight";
				LD_RUNPATH_SEARCH_PATHS = (
					"$(inherited)",
					"@executable_path/Frameworks",
				);
				MARKETING_VERSION = 1.0;
				PRODUCT_BUNDLE_IDENTIFIER = com.mif50.UserDefaults;
				PRODUCT_NAME = "$(TARGET_NAME)";
				SWIFT_EMIT_LOC_STRINGS = YES;
				SWIFT_VERSION = 5.0;
				TARGETED_DEVICE_FAMILY = "1,2";
			};
			name = Release;
		};
		B5C52EA329A2357B0019718B /* Debug */ = {
			isa = XCBuildConfiguration;
			buildSettings = {
				BUNDLE_LOADER = "$(TEST_HOST)";
				CLANG_ENABLE_MODULES = YES;
				CODE_SIGN_STYLE = Automatic;
				CURRENT_PROJECT_VERSION = 1;
				DEVELOPMENT_TEAM = GK4GDX3M3T;
				GENERATE_INFOPLIST_FILE = YES;
				LD_RUNPATH_SEARCH_PATHS = (
					"$(inherited)",
					"@executable_path/Frameworks",
					"@loader_path/Frameworks",
				);
				MARKETING_VERSION = 1.0;
				PRODUCT_BUNDLE_IDENTIFIER = com.mif50.UserDefaultsTests;
				PRODUCT_NAME = "$(TARGET_NAME)";
				SWIFT_EMIT_LOC_STRINGS = NO;
				SWIFT_OPTIMIZATION_LEVEL = "-Onone";
				SWIFT_VERSION = 5.0;
				TARGETED_DEVICE_FAMILY = "1,2";
				TEST_HOST = "$(BUILT_PRODUCTS_DIR)/UserDefaults.app/$(BUNDLE_EXECUTABLE_FOLDER_PATH)/UserDefaults";
			};
			name = Debug;
		};
		B5C52EA429A2357B0019718B /* Release */ = {
			isa = XCBuildConfiguration;
			buildSettings = {
				BUNDLE_LOADER = "$(TEST_HOST)";
				CLANG_ENABLE_MODULES = YES;
				CODE_SIGN_STYLE = Automatic;
				CURRENT_PROJECT_VERSION = 1;
				DEVELOPMENT_TEAM = GK4GDX3M3T;
				GENERATE_INFOPLIST_FILE = YES;
				LD_RUNPATH_SEARCH_PATHS = (
					"$(inherited)",
					"@executable_path/Frameworks",
					"@loader_path/Frameworks",
				);
				MARKETING_VERSION = 1.0;
				PRODUCT_BUNDLE_IDENTIFIER = com.mif50.UserDefaultsTests;
				PRODUCT_NAME = "$(TARGET_NAME)";
				SWIFT_EMIT_LOC_STRINGS = NO;
				SWIFT_VERSION = 5.0;
				TARGETED_DEVICE_FAMILY = "1,2";
				TEST_HOST = "$(BUILT_PRODUCTS_DIR)/UserDefaults.app/$(BUNDLE_EXECUTABLE_FOLDER_PATH)/UserDefaults";
			};
			name = Release;
		};
/* End XCBuildConfiguration section */

/* Begin XCConfigurationList section */
		B5C52E7C29A235530019718B /* Build configuration list for PBXProject "UserDefaults" */ = {
			isa = XCConfigurationList;
			buildConfigurations = (
				B5C52E9329A235540019718B /* Debug */,
				B5C52E9429A235540019718B /* Release */,
			);
			defaultConfigurationIsVisible = 0;
			defaultConfigurationName = Release;
		};
		B5C52E9529A235540019718B /* Build configuration list for PBXNativeTarget "UserDefaults" */ = {
			isa = XCConfigurationList;
			buildConfigurations = (
				B5C52E9629A235540019718B /* Debug */,
				B5C52E9729A235540019718B /* Release */,
			);
			defaultConfigurationIsVisible = 0;
			defaultConfigurationName = Release;
		};
		B5C52EA229A2357B0019718B /* Build configuration list for PBXNativeTarget "UserDefaultsTests" */ = {
			isa = XCConfigurationList;
			buildConfigurations = (
				B5C52EA329A2357B0019718B /* Debug */,
				B5C52EA429A2357B0019718B /* Release */,
			);
			defaultConfigurationIsVisible = 0;
			defaultConfigurationName = Release;
		};
/* End XCConfigurationList section */
	};
	rootObject = B5C52E7929A235530019718B /* Project object */;
}
