// !$*UTF8*$!
{
	archiveVersion = 1;
	classes = {
	};
	objectVersion = 56;
	objects = {

/* Begin PBXBuildFile section */
		B53EDC0C29AB3BCD00472A36 /* SpyURLSession.swift in Sources */ = {isa = PBXBuildFile; fileRef = B53EDC0B29AB3BCD00472A36 /* SpyURLSession.swift */; };
		B53EDC0E29AB4F8D00472A36 /* ViewControllerPresentationSpy.xcframework in Frameworks */ = {isa = PBXBuildFile; fileRef = B53EDC0D29AB4F8C00472A36 /* ViewControllerPresentationSpy.xcframework */; };
		B53EDC0F29AB4F9E00472A36 /* ViewControllerPresentationSpy.xcframework in Resources */ = {isa = PBXBuildFile; fileRef = B53EDC0D29AB4F8C00472A36 /* ViewControllerPresentationSpy.xcframework */; };
		B53EDC1129AB507500472A36 /* TestError.swift in Sources */ = {isa = PBXBuildFile; fileRef = B53EDC1029AB507500472A36 /* TestError.swift */; };
		B56DDE3129AA7E2700F8A820 /* AppDelegate.swift in Sources */ = {isa = PBXBuildFile; fileRef = B56DDE3029AA7E2700F8A820 /* AppDelegate.swift */; };
		B56DDE3329AA7E2700F8A820 /* SceneDelegate.swift in Sources */ = {isa = PBXBuildFile; fileRef = B56DDE3229AA7E2700F8A820 /* SceneDelegate.swift */; };
		B56DDE3529AA7E2700F8A820 /* ViewController.swift in Sources */ = {isa = PBXBuildFile; fileRef = B56DDE3429AA7E2700F8A820 /* ViewController.swift */; };
		B56DDE3829AA7E2700F8A820 /* Main.storyboard in Resources */ = {isa = PBXBuildFile; fileRef = B56DDE3629AA7E2700F8A820 /* Main.storyboard */; };
		B56DDE3A29AA7E2800F8A820 /* Assets.xcassets in Resources */ = {isa = PBXBuildFile; fileRef = B56DDE3929AA7E2800F8A820 /* Assets.xcassets */; };
		B56DDE3D29AA7E2800F8A820 /* LaunchScreen.storyboard in Resources */ = {isa = PBXBuildFile; fileRef = B56DDE3B29AA7E2800F8A820 /* LaunchScreen.storyboard */; };
		B56DDE6629AA80CE00F8A820 /* ViewControllerTests.swift in Sources */ = {isa = PBXBuildFile; fileRef = B56DDE6529AA80CE00F8A820 /* ViewControllerTests.swift */; };
		B56DDE6D29AADDFB00F8A820 /* TestHelpers.swift in Sources */ = {isa = PBXBuildFile; fileRef = B56DDE6A29AADDFB00F8A820 /* TestHelpers.swift */; };
/* End PBXBuildFile section */

/* Begin PBXContainerItemProxy section */
		B56DDE6029AA80BB00F8A820 /* PBXContainerItemProxy */ = {
			isa = PBXContainerItemProxy;
			containerPortal = B56DDE2529AA7E2700F8A820 /* Project object */;
			proxyType = 1;
			remoteGlobalIDString = B56DDE2C29AA7E2700F8A820;
			remoteInfo = NetworkResponse;
		};
/* End PBXContainerItemProxy section */

/* Begin PBXFileReference section */
		B53EDC0B29AB3BCD00472A36 /* SpyURLSession.swift */ = {isa = PBXFileReference; lastKnownFileType = sourcecode.swift; path = SpyURLSession.swift; sourceTree = "<group>"; };
		B53EDC0D29AB4F8C00472A36 /* ViewControllerPresentationSpy.xcframework */ = {isa = PBXFileReference; lastKnownFileType = wrapper.xcframework; path = ViewControllerPresentationSpy.xcframework; sourceTree = "<group>"; };
		B53EDC1029AB507500472A36 /* TestError.swift */ = {isa = PBXFileReference; lastKnownFileType = sourcecode.swift; path = TestError.swift; sourceTree = "<group>"; };
		B56DDE2D29AA7E2700F8A820 /* NetworkResponse.app */ = {isa = PBXFileReference; explicitFileType = wrapper.application; includeInIndex = 0; path = NetworkResponse.app; sourceTree = BUILT_PRODUCTS_DIR; };
		B56DDE3029AA7E2700F8A820 /* AppDelegate.swift */ = {isa = PBXFileReference; lastKnownFileType = sourcecode.swift; path = AppDelegate.swift; sourceTree = "<group>"; };
		B56DDE3229AA7E2700F8A820 /* SceneDelegate.swift */ = {isa = PBXFileReference; lastKnownFileType = sourcecode.swift; path = SceneDelegate.swift; sourceTree = "<group>"; };
		B56DDE3429AA7E2700F8A820 /* ViewController.swift */ = {isa = PBXFileReference; lastKnownFileType = sourcecode.swift; path = ViewController.swift; sourceTree = "<group>"; };
		B56DDE3729AA7E2700F8A820 /* Base */ = {isa = PBXFileReference; lastKnownFileType = file.storyboard; name = Base; path = Base.lproj/Main.storyboard; sourceTree = "<group>"; };
		B56DDE3929AA7E2800F8A820 /* Assets.xcassets */ = {isa = PBXFileReference; lastKnownFileType = folder.assetcatalog; path = Assets.xcassets; sourceTree = "<group>"; };
		B56DDE3C29AA7E2800F8A820 /* Base */ = {isa = PBXFileReference; lastKnownFileType = file.storyboard; name = Base; path = Base.lproj/LaunchScreen.storyboard; sourceTree = "<group>"; };
		B56DDE3E29AA7E2800F8A820 /* Info.plist */ = {isa = PBXFileReference; lastKnownFileType = text.plist.xml; path = Info.plist; sourceTree = "<group>"; };
		B56DDE5C29AA80BB00F8A820 /* NetworkResponseTests.xctest */ = {isa = PBXFileReference; explicitFileType = wrapper.cfbundle; includeInIndex = 0; path = NetworkResponseTests.xctest; sourceTree = BUILT_PRODUCTS_DIR; };
		B56DDE6529AA80CE00F8A820 /* ViewControllerTests.swift */ = {isa = PBXFileReference; lastKnownFileType = sourcecode.swift; path = ViewControllerTests.swift; sourceTree = "<group>"; };
		B56DDE6A29AADDFB00F8A820 /* TestHelpers.swift */ = {isa = PBXFileReference; fileEncoding = 4; lastKnownFileType = sourcecode.swift; path = TestHelpers.swift; sourceTree = "<group>"; };
/* End PBXFileReference section */

/* Begin PBXFrameworksBuildPhase section */
		B56DDE2A29AA7E2700F8A820 /* Frameworks */ = {
			isa = PBXFrameworksBuildPhase;
			buildActionMask = 2147483647;
			files = (
			);
			runOnlyForDeploymentPostprocessing = 0;
		};
		B56DDE5929AA80BB00F8A820 /* Frameworks */ = {
			isa = PBXFrameworksBuildPhase;
			buildActionMask = 2147483647;
			files = (
				B53EDC0E29AB4F8D00472A36 /* ViewControllerPresentationSpy.xcframework in Frameworks */,
			);
			runOnlyForDeploymentPostprocessing = 0;
		};
/* End PBXFrameworksBuildPhase section */

/* Begin PBXGroup section */
		B56DDE2429AA7E2700F8A820 = {
			isa = PBXGroup;
			children = (
				B56DDE2F29AA7E2700F8A820 /* NetworkResponse */,
				B56DDE5D29AA80BB00F8A820 /* NetworkResponseTests */,
				B56DDE2E29AA7E2700F8A820 /* Products */,
			);
			sourceTree = "<group>";
		};
		B56DDE2E29AA7E2700F8A820 /* Products */ = {
			isa = PBXGroup;
			children = (
				B56DDE2D29AA7E2700F8A820 /* NetworkResponse.app */,
				B56DDE5C29AA80BB00F8A820 /* NetworkResponseTests.xctest */,
			);
			name = Products;
			sourceTree = "<group>";
		};
		B56DDE2F29AA7E2700F8A820 /* NetworkResponse */ = {
			isa = PBXGroup;
			children = (
				B56DDE3029AA7E2700F8A820 /* AppDelegate.swift */,
				B56DDE3229AA7E2700F8A820 /* SceneDelegate.swift */,
				B56DDE3429AA7E2700F8A820 /* ViewController.swift */,
				B56DDE3629AA7E2700F8A820 /* Main.storyboard */,
				B56DDE3929AA7E2800F8A820 /* Assets.xcassets */,
				B56DDE3B29AA7E2800F8A820 /* LaunchScreen.storyboard */,
				B56DDE3E29AA7E2800F8A820 /* Info.plist */,
			);
			path = NetworkResponse;
			sourceTree = "<group>";
		};
		B56DDE5D29AA80BB00F8A820 /* NetworkResponseTests */ = {
			isa = PBXGroup;
			children = (
				B53EDC0D29AB4F8C00472A36 /* ViewControllerPresentationSpy.xcframework */,
				B56DDE6929AADDFB00F8A820 /* Helpers */,
				B53EDC0B29AB3BCD00472A36 /* SpyURLSession.swift */,
				B53EDC1029AB507500472A36 /* TestError.swift */,
				B56DDE6529AA80CE00F8A820 /* ViewControllerTests.swift */,
			);
			path = NetworkResponseTests;
			sourceTree = "<group>";
		};
		B56DDE6929AADDFB00F8A820 /* Helpers */ = {
			isa = PBXGroup;
			children = (
				B56DDE6A29AADDFB00F8A820 /* TestHelpers.swift */,
			);
			path = Helpers;
			sourceTree = "<group>";
		};
/* End PBXGroup section */

/* Begin PBXNativeTarget section */
		B56DDE2C29AA7E2700F8A820 /* NetworkResponse */ = {
			isa = PBXNativeTarget;
			buildConfigurationList = B56DDE4129AA7E2800F8A820 /* Build configuration list for PBXNativeTarget "NetworkResponse" */;
			buildPhases = (
				B56DDE2929AA7E2700F8A820 /* Sources */,
				B56DDE2A29AA7E2700F8A820 /* Frameworks */,
				B56DDE2B29AA7E2700F8A820 /* Resources */,
			);
			buildRules = (
			);
			dependencies = (
			);
			name = NetworkResponse;
			productName = NetworkResponse;
			productReference = B56DDE2D29AA7E2700F8A820 /* NetworkResponse.app */;
			productType = "com.apple.product-type.application";
		};
		B56DDE5B29AA80BB00F8A820 /* NetworkResponseTests */ = {
			isa = PBXNativeTarget;
			buildConfigurationList = B56DDE6229AA80BB00F8A820 /* Build configuration list for PBXNativeTarget "NetworkResponseTests" */;
			buildPhases = (
				B56DDE5829AA80BB00F8A820 /* Sources */,
				B56DDE5929AA80BB00F8A820 /* Frameworks */,
				B56DDE5A29AA80BB00F8A820 /* Resources */,
			);
			buildRules = (
			);
			dependencies = (
				B56DDE6129AA80BB00F8A820 /* PBXTargetDependency */,
			);
			name = NetworkResponseTests;
			productName = NetworkResponseTests;
			productReference = B56DDE5C29AA80BB00F8A820 /* NetworkResponseTests.xctest */;
			productType = "com.apple.product-type.bundle.unit-test";
		};
/* End PBXNativeTarget section */

/* Begin PBXProject section */
		B56DDE2529AA7E2700F8A820 /* Project object */ = {
			isa = PBXProject;
			attributes = {
				BuildIndependentTargetsInParallel = 1;
				LastSwiftUpdateCheck = 1420;
				LastUpgradeCheck = 1420;
				TargetAttributes = {
					B56DDE2C29AA7E2700F8A820 = {
						CreatedOnToolsVersion = 14.2;
					};
					B56DDE5B29AA80BB00F8A820 = {
						CreatedOnToolsVersion = 14.2;
						TestTargetID = B56DDE2C29AA7E2700F8A820;
					};
				};
			};
			buildConfigurationList = B56DDE2829AA7E2700F8A820 /* Build configuration list for PBXProject "NetworkResponse" */;
			compatibilityVersion = "Xcode 14.0";
			developmentRegion = en;
			hasScannedForEncodings = 0;
			knownRegions = (
				en,
				Base,
			);
			mainGroup = B56DDE2429AA7E2700F8A820;
			productRefGroup = B56DDE2E29AA7E2700F8A820 /* Products */;
			projectDirPath = "";
			projectRoot = "";
			targets = (
				B56DDE2C29AA7E2700F8A820 /* NetworkResponse */,
				B56DDE5B29AA80BB00F8A820 /* NetworkResponseTests */,
			);
		};
/* End PBXProject section */

/* Begin PBXResourcesBuildPhase section */
		B56DDE2B29AA7E2700F8A820 /* Resources */ = {
			isa = PBXResourcesBuildPhase;
			buildActionMask = 2147483647;
			files = (
				B56DDE3D29AA7E2800F8A820 /* LaunchScreen.storyboard in Resources */,
				B56DDE3A29AA7E2800F8A820 /* Assets.xcassets in Resources */,
				B56DDE3829AA7E2700F8A820 /* Main.storyboard in Resources */,
			);
			runOnlyForDeploymentPostprocessing = 0;
		};
		B56DDE5A29AA80BB00F8A820 /* Resources */ = {
			isa = PBXResourcesBuildPhase;
			buildActionMask = 2147483647;
			files = (
				B53EDC0F29AB4F9E00472A36 /* ViewControllerPresentationSpy.xcframework in Resources */,
			);
			runOnlyForDeploymentPostprocessing = 0;
		};
/* End PBXResourcesBuildPhase section */

/* Begin PBXSourcesBuildPhase section */
		B56DDE2929AA7E2700F8A820 /* Sources */ = {
			isa = PBXSourcesBuildPhase;
			buildActionMask = 2147483647;
			files = (
				B56DDE3529AA7E2700F8A820 /* ViewController.swift in Sources */,
				B56DDE3129AA7E2700F8A820 /* AppDelegate.swift in Sources */,
				B56DDE3329AA7E2700F8A820 /* SceneDelegate.swift in Sources */,
			);
			runOnlyForDeploymentPostprocessing = 0;
		};
		B56DDE5829AA80BB00F8A820 /* Sources */ = {
			isa = PBXSourcesBuildPhase;
			buildActionMask = 2147483647;
			files = (
				B53EDC1129AB507500472A36 /* TestError.swift in Sources */,
				B53EDC0C29AB3BCD00472A36 /* SpyURLSession.swift in Sources */,
				B56DDE6629AA80CE00F8A820 /* ViewControllerTests.swift in Sources */,
				B56DDE6D29AADDFB00F8A820 /* TestHelpers.swift in Sources */,
			);
			runOnlyForDeploymentPostprocessing = 0;
		};
/* End PBXSourcesBuildPhase section */

/* Begin PBXTargetDependency section */
		B56DDE6129AA80BB00F8A820 /* PBXTargetDependency */ = {
			isa = PBXTargetDependency;
			target = B56DDE2C29AA7E2700F8A820 /* NetworkResponse */;
			targetProxy = B56DDE6029AA80BB00F8A820 /* PBXContainerItemProxy */;
		};
/* End PBXTargetDependency section */

/* Begin PBXVariantGroup section */
		B56DDE3629AA7E2700F8A820 /* Main.storyboard */ = {
			isa = PBXVariantGroup;
			children = (
				B56DDE3729AA7E2700F8A820 /* Base */,
			);
			name = Main.storyboard;
			sourceTree = "<group>";
		};
		B56DDE3B29AA7E2800F8A820 /* LaunchScreen.storyboard */ = {
			isa = PBXVariantGroup;
			children = (
				B56DDE3C29AA7E2800F8A820 /* Base */,
			);
			name = LaunchScreen.storyboard;
			sourceTree = "<group>";
		};
/* End PBXVariantGroup section */

/* Begin XCBuildConfiguration section */
		B56DDE3F29AA7E2800F8A820 /* Debug */ = {
			isa = XCBuildConfiguration;
			buildSettings = {
				ALWAYS_SEARCH_USER_PATHS = NO;
				CLANG_ANALYZER_NONNULL = YES;
				CLANG_ANALYZER_NUMBER_OBJECT_CONVERSION = YES_AGGRESSIVE;
				CLANG_CXX_LANGUAGE_STANDARD = "gnu++20";
				CLANG_ENABLE_MODULES = YES;
				CLANG_ENABLE_OBJC_ARC = YES;
				CLANG_ENABLE_OBJC_WEAK = YES;
				CLANG_WARN_BLOCK_CAPTURE_AUTORELEASING = YES;
				CLANG_WARN_BOOL_CONVERSION = YES;
				CLANG_WARN_COMMA = YES;
				CLANG_WARN_CONSTANT_CONVERSION = YES;
				CLANG_WARN_DEPRECATED_OBJC_IMPLEMENTATIONS = YES;
				CLANG_WARN_DIRECT_OBJC_ISA_USAGE = YES_ERROR;
				CLANG_WARN_DOCUMENTATION_COMMENTS = YES;
				CLANG_WARN_EMPTY_BODY = YES;
				CLANG_WARN_ENUM_CONVERSION = YES;
				CLANG_WARN_INFINITE_RECURSION = YES;
				CLANG_WARN_INT_CONVERSION = YES;
				CLANG_WARN_NON_LITERAL_NULL_CONVERSION = YES;
				CLANG_WARN_OBJC_IMPLICIT_RETAIN_SELF = YES;
				CLANG_WARN_OBJC_LITERAL_CONVERSION = YES;
				CLANG_WARN_OBJC_ROOT_CLASS = YES_ERROR;
				CLANG_WARN_QUOTED_INCLUDE_IN_FRAMEWORK_HEADER = YES;
				CLANG_WARN_RANGE_LOOP_ANALYSIS = YES;
				CLANG_WARN_STRICT_PROTOTYPES = YES;
				CLANG_WARN_SUSPICIOUS_MOVE = YES;
				CLANG_WARN_UNGUARDED_AVAILABILITY = YES_AGGRESSIVE;
				CLANG_WARN_UNREACHABLE_CODE = YES;
				CLANG_WARN__DUPLICATE_METHOD_MATCH = YES;
				COPY_PHASE_STRIP = NO;
				DEBUG_INFORMATION_FORMAT = dwarf;
				ENABLE_STRICT_OBJC_MSGSEND = YES;
				ENABLE_TESTABILITY = YES;
				GCC_C_LANGUAGE_STANDARD = gnu11;
				GCC_DYNAMIC_NO_PIC = NO;
				GCC_NO_COMMON_BLOCKS = YES;
				GCC_OPTIMIZATION_LEVEL = 0;
				GCC_PREPROCESSOR_DEFINITIONS = (
					"DEBUG=1",
					"$(inherited)",
				);
				GCC_WARN_64_TO_32_BIT_CONVERSION = YES;
				GCC_WARN_ABOUT_RETURN_TYPE = YES_ERROR;
				GCC_WARN_UNDECLARED_SELECTOR = YES;
				GCC_WARN_UNINITIALIZED_AUTOS = YES_AGGRESSIVE;
				GCC_WARN_UNUSED_FUNCTION = YES;
				GCC_WARN_UNUSED_VARIABLE = YES;
				IPHONEOS_DEPLOYMENT_TARGET = 16.2;
				MTL_ENABLE_DEBUG_INFO = INCLUDE_SOURCE;
				MTL_FAST_MATH = YES;
				ONLY_ACTIVE_ARCH = YES;
				SDKROOT = iphoneos;
				SWIFT_ACTIVE_COMPILATION_CONDITIONS = DEBUG;
				SWIFT_OPTIMIZATION_LEVEL = "-Onone";
			};
			name = Debug;
		};
		B56DDE4029AA7E2800F8A820 /* Release */ = {
			isa = XCBuildConfiguration;
			buildSettings = {
				ALWAYS_SEARCH_USER_PATHS = NO;
				CLANG_ANALYZER_NONNULL = YES;
				CLANG_ANALYZER_NUMBER_OBJECT_CONVERSION = YES_AGGRESSIVE;
				CLANG_CXX_LANGUAGE_STANDARD = "gnu++20";
				CLANG_ENABLE_MODULES = YES;
				CLANG_ENABLE_OBJC_ARC = YES;
				CLANG_ENABLE_OBJC_WEAK = YES;
				CLANG_WARN_BLOCK_CAPTURE_AUTORELEASING = YES;
				CLANG_WARN_BOOL_CONVERSION = YES;
				CLANG_WARN_COMMA = YES;
				CLANG_WARN_CONSTANT_CONVERSION = YES;
				CLANG_WARN_DEPRECATED_OBJC_IMPLEMENTATIONS = YES;
				CLANG_WARN_DIRECT_OBJC_ISA_USAGE = YES_ERROR;
				CLANG_WARN_DOCUMENTATION_COMMENTS = YES;
				CLANG_WARN_EMPTY_BODY = YES;
				CLANG_WARN_ENUM_CONVERSION = YES;
				CLANG_WARN_INFINITE_RECURSION = YES;
				CLANG_WARN_INT_CONVERSION = YES;
				CLANG_WARN_NON_LITERAL_NULL_CONVERSION = YES;
				CLANG_WARN_OBJC_IMPLICIT_RETAIN_SELF = YES;
				CLANG_WARN_OBJC_LITERAL_CONVERSION = YES;
				CLANG_WARN_OBJC_ROOT_CLASS = YES_ERROR;
				CLANG_WARN_QUOTED_INCLUDE_IN_FRAMEWORK_HEADER = YES;
				CLANG_WARN_RANGE_LOOP_ANALYSIS = YES;
				CLANG_WARN_STRICT_PROTOTYPES = YES;
				CLANG_WARN_SUSPICIOUS_MOVE = YES;
				CLANG_WARN_UNGUARDED_AVAILABILITY = YES_AGGRESSIVE;
				CLANG_WARN_UNREACHABLE_CODE = YES;
				CLANG_WARN__DUPLICATE_METHOD_MATCH = YES;
				COPY_PHASE_STRIP = NO;
				DEBUG_INFORMATION_FORMAT = "dwarf-with-dsym";
				ENABLE_NS_ASSERTIONS = NO;
				ENABLE_STRICT_OBJC_MSGSEND = YES;
				GCC_C_LANGUAGE_STANDARD = gnu11;
				GCC_NO_COMMON_BLOCKS = YES;
				GCC_WARN_64_TO_32_BIT_CONVERSION = YES;
				GCC_WARN_ABOUT_RETURN_TYPE = YES_ERROR;
				GCC_WARN_UNDECLARED_SELECTOR = YES;
				GCC_WARN_UNINITIALIZED_AUTOS = YES_AGGRESSIVE;
				GCC_WARN_UNUSED_FUNCTION = YES;
				GCC_WARN_UNUSED_VARIABLE = YES;
				IPHONEOS_DEPLOYMENT_TARGET = 16.2;
				MTL_ENABLE_DEBUG_INFO = NO;
				MTL_FAST_MATH = YES;
				SDKROOT = iphoneos;
				SWIFT_COMPILATION_MODE = wholemodule;
				SWIFT_OPTIMIZATION_LEVEL = "-O";
				VALIDATE_PRODUCT = YES;
			};
			name = Release;
		};
		B56DDE4229AA7E2800F8A820 /* Debug */ = {
			isa = XCBuildConfiguration;
			buildSettings = {
				ASSETCATALOG_COMPILER_APPICON_NAME = AppIcon;
				ASSETCATALOG_COMPILER_GLOBAL_ACCENT_COLOR_NAME = AccentColor;
				CODE_SIGN_STYLE = Automatic;
				CURRENT_PROJECT_VERSION = 1;
				DEVELOPMENT_TEAM = GK4GDX3M3T;
				GENERATE_INFOPLIST_FILE = YES;
				INFOPLIST_FILE = NetworkResponse/Info.plist;
				INFOPLIST_KEY_UIApplicationSupportsIndirectInputEvents = YES;
				INFOPLIST_KEY_UILaunchStoryboardName = LaunchScreen;
				INFOPLIST_KEY_UIMainStoryboardFile = Main;
				INFOPLIST_KEY_UISupportedInterfaceOrientations_iPad = "UIInterfaceOrientationPortrait UIInterfaceOrientationPortraitUpsideDown UIInterfaceOrientationLandscapeLeft UIInterfaceOrientationLandscapeRight";
				INFOPLIST_KEY_UISupportedInterfaceOrientations_iPhone = "UIInterfaceOrientationPortrait UIInterfaceOrientationLandscapeLeft UIInterfaceOrientationLandscapeRight";
				LD_RUNPATH_SEARCH_PATHS = (
					"$(inherited)",
					"@executable_path/Frameworks",
				);
				MARKETING_VERSION = 1.0;
				PRODUCT_BUNDLE_IDENTIFIER = com.mif50.NetworkResponse;
				PRODUCT_NAME = "$(TARGET_NAME)";
				SWIFT_EMIT_LOC_STRINGS = YES;
				SWIFT_VERSION = 5.0;
				TARGETED_DEVICE_FAMILY = "1,2";
			};
			name = Debug;
		};
		B56DDE4329AA7E2800F8A820 /* Release */ = {
			isa = XCBuildConfiguration;
			buildSettings = {
				ASSETCATALOG_COMPILER_APPICON_NAME = AppIcon;
				ASSETCATALOG_COMPILER_GLOBAL_ACCENT_COLOR_NAME = AccentColor;
				CODE_SIGN_STYLE = Automatic;
				CURRENT_PROJECT_VERSION = 1;
				DEVELOPMENT_TEAM = GK4GDX3M3T;
				GENERATE_INFOPLIST_FILE = YES;
				INFOPLIST_FILE = NetworkResponse/Info.plist;
				INFOPLIST_KEY_UIApplicationSupportsIndirectInputEvents = YES;
				INFOPLIST_KEY_UILaunchStoryboardName = LaunchScreen;
				INFOPLIST_KEY_UIMainStoryboardFile = Main;
				INFOPLIST_KEY_UISupportedInterfaceOrientations_iPad = "UIInterfaceOrientationPortrait UIInterfaceOrientationPortraitUpsideDown UIInterfaceOrientationLandscapeLeft UIInterfaceOrientationLandscapeRight";
				INFOPLIST_KEY_UISupportedInterfaceOrientations_iPhone = "UIInterfaceOrientationPortrait UIInterfaceOrientationLandscapeLeft UIInterfaceOrientationLandscapeRight";
				LD_RUNPATH_SEARCH_PATHS = (
					"$(inherited)",
					"@executable_path/Frameworks",
				);
				MARKETING_VERSION = 1.0;
				PRODUCT_BUNDLE_IDENTIFIER = com.mif50.NetworkResponse;
				PRODUCT_NAME = "$(TARGET_NAME)";
				SWIFT_EMIT_LOC_STRINGS = YES;
				SWIFT_VERSION = 5.0;
				TARGETED_DEVICE_FAMILY = "1,2";
			};
			name = Release;
		};
		B56DDE6329AA80BB00F8A820 /* Debug */ = {
			isa = XCBuildConfiguration;
			buildSettings = {
				BUNDLE_LOADER = "$(TEST_HOST)";
				CODE_SIGN_STYLE = Automatic;
				CURRENT_PROJECT_VERSION = 1;
				DEVELOPMENT_TEAM = GK4GDX3M3T;
				GENERATE_INFOPLIST_FILE = YES;
				MARKETING_VERSION = 1.0;
				PRODUCT_BUNDLE_IDENTIFIER = com.mif50.NetworkResponseTests;
				PRODUCT_NAME = "$(TARGET_NAME)";
				SWIFT_EMIT_LOC_STRINGS = NO;
				SWIFT_VERSION = 5.0;
				TARGETED_DEVICE_FAMILY = "1,2";
				TEST_HOST = "$(BUILT_PRODUCTS_DIR)/NetworkResponse.app/$(BUNDLE_EXECUTABLE_FOLDER_PATH)/NetworkResponse";
			};
			name = Debug;
		};
		B56DDE6429AA80BB00F8A820 /* Release */ = {
			isa = XCBuildConfiguration;
			buildSettings = {
				BUNDLE_LOADER = "$(TEST_HOST)";
				CODE_SIGN_STYLE = Automatic;
				CURRENT_PROJECT_VERSION = 1;
				DEVELOPMENT_TEAM = GK4GDX3M3T;
				GENERATE_INFOPLIST_FILE = YES;
				MARKETING_VERSION = 1.0;
				PRODUCT_BUNDLE_IDENTIFIER = com.mif50.NetworkResponseTests;
				PRODUCT_NAME = "$(TARGET_NAME)";
				SWIFT_EMIT_LOC_STRINGS = NO;
				SWIFT_VERSION = 5.0;
				TARGETED_DEVICE_FAMILY = "1,2";
				TEST_HOST = "$(BUILT_PRODUCTS_DIR)/NetworkResponse.app/$(BUNDLE_EXECUTABLE_FOLDER_PATH)/NetworkResponse";
			};
			name = Release;
		};
/* End XCBuildConfiguration section */

/* Begin XCConfigurationList section */
		B56DDE2829AA7E2700F8A820 /* Build configuration list for PBXProject "NetworkResponse" */ = {
			isa = XCConfigurationList;
			buildConfigurations = (
				B56DDE3F29AA7E2800F8A820 /* Debug */,
				B56DDE4029AA7E2800F8A820 /* Release */,
			);
			defaultConfigurationIsVisible = 0;
			defaultConfigurationName = Release;
		};
		B56DDE4129AA7E2800F8A820 /* Build configuration list for PBXNativeTarget "NetworkResponse" */ = {
			isa = XCConfigurationList;
			buildConfigurations = (
				B56DDE4229AA7E2800F8A820 /* Debug */,
				B56DDE4329AA7E2800F8A820 /* Release */,
			);
			defaultConfigurationIsVisible = 0;
			defaultConfigurationName = Release;
		};
		B56DDE6229AA80BB00F8A820 /* Build configuration list for PBXNativeTarget "NetworkResponseTests" */ = {
			isa = XCConfigurationList;
			buildConfigurations = (
				B56DDE6329AA80BB00F8A820 /* Debug */,
				B56DDE6429AA80BB00F8A820 /* Release */,
			);
			defaultConfigurationIsVisible = 0;
			defaultConfigurationName = Release;
		};
/* End XCConfigurationList section */
	};
	rootObject = B56DDE2529AA7E2700F8A820 /* Project object */;
}
